
Microsoft Visual Studio Solution File, Format Version 12.00
# Visual Studio Version 16
VisualStudioVersion = 16.0.30907.101
MinimumVisualStudioVersion = 10.0.40219.1
Project("{FAE04EC0-301F-11D3-BF4B-00C04F79EFBC}") = "ContactManager", "ContactManager\ContactManager.csproj", "{22531A6C-83EA-428B-858C-2B17DE807701}"
EndProject
Global
	GlobalSection(SolutionConfigurationPlatforms) = preSolution
		Debug|Any CPU = Debug|Any CPU
		Release|Any CPU = Release|Any CPU
	EndGlobalSection
	GlobalSection(ProjectConfigurationPlatforms) = postSolution
		{22531A6C-83EA-428B-858C-2B17DE807701}.Debug|Any CPU.ActiveCfg = Debug|Any CPU
		{22531A6C-83EA-428B-858C-2B17DE807701}.Debug|Any CPU.Build.0 = Debug|Any CPU
		{22531A6C-83EA-428B-858C-2B17DE807701}.Release|Any CPU.ActiveCfg = Release|Any CPU
		{22531A6C-83EA-428B-858C-2B17DE807701}.Release|Any CPU.Build.0 = Release|Any CPU
	EndGlobalSection
	GlobalSection(SolutionProperties) = preSolution
		HideSolutionNode = FALSE
	EndGlobalSection
	GlobalSection(ExtensibilityGlobals) = postSolution
		SolutionGuid = {5C4B89C7-6BE5-4BFF-B19D-B7674D000416}
	EndGlobalSection
EndGlobal
